
Microsoft Visual Studio Solution File, Format Version 12.00
# Visual Studio 15
VisualStudioVersion = 15.0.27130.2024
MinimumVisualStudioVersion = 10.0.40219.1
Project("{FAE04EC0-301F-11D3-BF4B-00C04F79EFBC}") = "Lab4", "Lab4\Lab4.csproj", "{7C9928FB-C8F5-4471-A19C-38A0B4E8B7EA}"
EndProject
Global
	GlobalSection(SolutionConfigurationPlatforms) = preSolution
		Debug|Any CPU = Debug|Any CPU
		Release|Any CPU = Release|Any CPU
	EndGlobalSection
	GlobalSection(ProjectConfigurationPlatforms) = postSolution
		{7C9928FB-C8F5-4471-A19C-38A0B4E8B7EA}.Debug|Any CPU.ActiveCfg = Debug|Any CPU
		{7C9928FB-C8F5-4471-A19C-38A0B4E8B7EA}.Debug|Any CPU.Build.0 = Debug|Any CPU
		{7C9928FB-C8F5-4471-A19C-38A0B4E8B7EA}.Release|Any CPU.ActiveCfg = Release|Any CPU
		{7C9928FB-C8F5-4471-A19C-38A0B4E8B7EA}.Release|Any CPU.Build.0 = Release|Any CPU
	EndGlobalSection
	GlobalSection(SolutionProperties) = preSolution
		HideSolutionNode = FALSE
	EndGlobalSection
	GlobalSection(ExtensibilityGlobals) = postSolution
		SolutionGuid = {22BDE20E-1A27-42EB-A153-D3F451D80272}
	EndGlobalSection
EndGlobal
